
Microsoft Visual Studio Solution File, Format Version 12.00
# Visual Studio Version 16
VisualStudioVersion = 16.0.30011.22
MinimumVisualStudioVersion = 10.0.40219.1
Project("{FAE04EC0-301F-11D3-BF4B-00C04F79EFBC}") = "ToDoList_WF", "ToDoList_WF\ToDoList_WF.csproj", "{DFF622DD-4710-40E5-8569-98426549A627}"
EndProject
Global
	GlobalSection(SolutionConfigurationPlatforms) = preSolution
		Debug|Any CPU = Debug|Any CPU
		Release|Any CPU = Release|Any CPU
	EndGlobalSection
	GlobalSection(ProjectConfigurationPlatforms) = postSolution
		{DFF622DD-4710-40E5-8569-98426549A627}.Debug|Any CPU.ActiveCfg = Debug|Any CPU
		{DFF622DD-4710-40E5-8569-98426549A627}.Debug|Any CPU.Build.0 = Debug|Any CPU
		{DFF622DD-4710-40E5-8569-98426549A627}.Release|Any CPU.ActiveCfg = Release|Any CPU
		{DFF622DD-4710-40E5-8569-98426549A627}.Release|Any CPU.Build.0 = Release|Any CPU
	EndGlobalSection
	GlobalSection(SolutionProperties) = preSolution
		HideSolutionNode = FALSE
	EndGlobalSection
	GlobalSection(ExtensibilityGlobals) = postSolution
		SolutionGuid = {3059ED79-68B3-4570-B2C5-348B53927353}
	EndGlobalSection
EndGlobal
